
Microsoft Visual Studio Solution File, Format Version 12.00
# Visual Studio Version 18
VisualStudioVersion = 18.0.11111.16 d18.0
MinimumVisualStudioVersion = 10.0.40219.1
Project("{2150E333-8FDC-42A3-9474-1A3956D46DE8}") = "src", "src", "{02EA681E-C7D8-13C7-8484-4AC65E1B71E8}"
EndProject
Project("{2150E333-8FDC-42A3-9474-1A3956D46DE8}") = "tests", "tests", "{5CFB7062-6CE8-4A6F-8A83-B247DA04E54D}"
EndProject
Project("{2150E333-8FDC-42A3-9474-1A3956D46DE8}") = "Services", "Services", "{E0021C03-61E9-46EA-9941-698B5775A29F}"
EndProject
Project("{2150E333-8FDC-42A3-9474-1A3956D46DE8}") = "MinCleanTemplateManager", "MinCleanTemplateManager", "{9BF6A061-B90F-4589-9F72-462AAC01CB54}"
EndProject
Project("{FAE04EC0-301F-11D3-BF4B-00C04F79EFBC}") = "MinCleanTemplateManager.Application", "Services\MinCleanTemplateManager\src\MinCleanTemplateManager.Application\MinCleanTemplateManager.Application.csproj", "{210C243D-62B9-1373-54F3-DF74D4193286}"
EndProject
Project("{FAE04EC0-301F-11D3-BF4B-00C04F79EFBC}") = "MinCleanTemplateManager.BaseModels", "Services\MinCleanTemplateManager\src\MinCleanTemplateManager.BaseModels\MinCleanTemplateManager.BaseModels.csproj", "{B26EE5B9-172D-0681-C57F-D0AE09687E75}"
EndProject
Project("{FAE04EC0-301F-11D3-BF4B-00C04F79EFBC}") = "MinCleanTemplateManager.Contracts", "Services\MinCleanTemplateManager\src\MinCleanTemplateManager.Contracts\MinCleanTemplateManager.Contracts.csproj", "{14E5508E-021B-2325-048B-7EC274F4A61F}"
EndProject
Project("{FAE04EC0-301F-11D3-BF4B-00C04F79EFBC}") = "MinCleanTemplateManager.Domain", "Services\MinCleanTemplateManager\src\MinCleanTemplateManager.Domain\MinCleanTemplateManager.Domain.csproj", "{F9F9108B-F862-DBF4-AAE0-16658F9867BE}"
EndProject
Project("{FAE04EC0-301F-11D3-BF4B-00C04F79EFBC}") = "MinCleanTemplateManager.Infrastructure", "Services\MinCleanTemplateManager\src\MinCleanTemplateManager.Infrastructure\MinCleanTemplateManager.Infrastructure.csproj", "{81D86575-F63F-E022-AD48-CDABBA6F1D92}"
EndProject
Project("{FAE04EC0-301F-11D3-BF4B-00C04F79EFBC}") = "MinCleanTemplateManager.Sdk", "Services\MinCleanTemplateManager\src\MinCleanTemplateManager.Sdk\MinCleanTemplateManager.Sdk.csproj", "{7105CE18-65A5-03EE-0481-D1DEB78DB53B}"
EndProject
Project("{FAE04EC0-301F-11D3-BF4B-00C04F79EFBC}") = "MinCleanTemplateManager.Sdk.Sample", "Services\MinCleanTemplateManager\src\MinCleanTemplateManager.Sdk.Sample\MinCleanTemplateManager.Sdk.Sample.csproj", "{B62D9088-8FF8-61C4-D5BE-3E5757F4F868}"
EndProject
Project("{FAE04EC0-301F-11D3-BF4B-00C04F79EFBC}") = "MinCleanTemplateManager.Application.Tests", "Services\MinCleanTemplateManager\tests\MinCleanTemplateManager.Application.Tests\MinCleanTemplateManager.Application.Tests.csproj", "{2E4C378E-2F92-6C04-CF9D-D52781DA92F7}"
EndProject
Project("{FAE04EC0-301F-11D3-BF4B-00C04F79EFBC}") = "MinCleanTemplateManager.Architecture.Tests", "Services\MinCleanTemplateManager\tests\MinCleanTemplateManager.Architecture.Tests\MinCleanTemplateManager.Architecture.Tests.csproj", "{8EB0609E-B376-D5FC-FE80-FFFDA3A62679}"
EndProject
Project("{FAE04EC0-301F-11D3-BF4B-00C04F79EFBC}") = "MinCleanTemplateManager.Domain.Tests", "Services\MinCleanTemplateManager\tests\MinCleanTemplateManager.Domain.Tests\MinCleanTemplateManager.Domain.Tests.csproj", "{8627FDD4-259B-B4E7-6967-77F3AEE70EDE}"
EndProject
Project("{FAE04EC0-301F-11D3-BF4B-00C04F79EFBC}") = "MinCleanTemplateManager.Infrastructure.Tests", "Services\MinCleanTemplateManager\tests\MinCleanTemplateManager.Infrastructure.Tests\MinCleanTemplateManager.Infrastructure.Tests.csproj", "{E7A12697-F33C-6CFC-29C7-CE9578BF637D}"
EndProject
Project("{FAE04EC0-301F-11D3-BF4B-00C04F79EFBC}") = "MinCleanTemplateManager.Integration.Tests", "Services\MinCleanTemplateManager\tests\MinCleanTemplateManager.Integration.Tests\MinCleanTemplateManager.Integration.Tests.csproj", "{B15B161D-BF3A-FF96-FA53-34D96AFF7A2C}"
EndProject
Project("{2150E333-8FDC-42A3-9474-1A3956D46DE8}") = "Solution Items", "Solution Items", "{8EC462FD-D22E-90A8-E5CE-7E832BA40C5D}"
EndProject
Project("{2150E333-8FDC-42A3-9474-1A3956D46DE8}") = ".template.config", ".template.config", "{76A6F351-79C4-4F8E-8385-13B3C6CF0187}"
	ProjectSection(SolutionItems) = preProject
		.template.config\template.json = .template.config\template.json
	EndProjectSection
EndProject
Project("{FAE04EC0-301F-11D3-BF4B-00C04F79EFBC}") = "MinCleanTemplateManager.Api", "Services\MinCleanTemplateManager\src\MinCleanTemplateManager.Api\MinCleanTemplateManager.Api.csproj", "{0651F12A-49FC-D4F8-1DA5-3FB50758E5D3}"
EndProject
Project("{2150E333-8FDC-42A3-9474-1A3956D46DE8}") = "Dlls", "Dlls", "{CC4EB7D9-E28B-419F-A159-CC011A2BC73C}"
	ProjectSection(SolutionItems) = preProject
		Services\Dlls\CodeGeneratorAttributesLibrary.dll = Services\Dlls\CodeGeneratorAttributesLibrary.dll
	EndProjectSection
EndProject
Project("{2150E333-8FDC-42A3-9474-1A3956D46DE8}") = "GeneralLibrary", "GeneralLibrary", "{EE9AF829-A2B9-45A7-A77C-D9B55A1F9C39}"
EndProject
Project("{2150E333-8FDC-42A3-9474-1A3956D46DE8}") = "src", "src", "{B8529815-4ED8-4A29-BC1B-3DDE7893C75D}"
EndProject
Project("{FAE04EC0-301F-11D3-BF4B-00C04F79EFBC}") = "ReportGeneratorLib", "Services\GeneralLibrary\src\BarcodeReportGenerator\ReportGeneratorLib.csproj", "{DB5F8992-FF53-5547-532A-6D4995FAEBF3}"
EndProject
Project("{FAE04EC0-301F-11D3-BF4B-00C04F79EFBC}") = "RepositoryHelper", "Services\GeneralLibrary\src\ConnectionStringHelper\RepositoryHelper.csproj", "{EC582962-5334-F5AD-1326-2621D1ADDAD7}"
EndProject
Project("{FAE04EC0-301F-11D3-BF4B-00C04F79EFBC}") = "CQRSHelper", "Services\GeneralLibrary\src\CQRSHelper\CQRSHelper.csproj", "{02F3D224-78D9-C5AE-ADBE-F20CE1CD5E53}"
EndProject
Project("{FAE04EC0-301F-11D3-BF4B-00C04F79EFBC}") = "DomainUtils", "Services\GeneralLibrary\src\DomainUtils\DomainUtils.csproj", "{3B4B7160-E052-7DA2-E0BB-38C1BC6157ED}"
EndProject
Project("{FAE04EC0-301F-11D3-BF4B-00C04F79EFBC}") = "GlobalConstants", "Services\GeneralLibrary\src\GlobalConstants\GlobalConstants.csproj", "{19050D5A-A83F-4D78-2E5B-222FF6206E9F}"
EndProject
Project("{FAE04EC0-301F-11D3-BF4B-00C04F79EFBC}") = "HttpQuery", "Services\GeneralLibrary\src\HttpQuery\HttpQuery.csproj", "{47964D87-A592-78DF-203A-05B002A527F2}"
EndProject
Project("{FAE04EC0-301F-11D3-BF4B-00C04F79EFBC}") = "MailSenderLib", "Services\GeneralLibrary\src\MailSenderLib\MailSenderLib.csproj", "{D42470E1-6C02-4127-B4BD-1C9610F56E98}"
EndProject
Global
	GlobalSection(SolutionConfigurationPlatforms) = preSolution
		Debug|Any CPU = Debug|Any CPU
		Release|Any CPU = Release|Any CPU
	EndGlobalSection
	GlobalSection(ProjectConfigurationPlatforms) = postSolution
		{210C243D-62B9-1373-54F3-DF74D4193286}.Debug|Any CPU.ActiveCfg = Debug|Any CPU
		{210C243D-62B9-1373-54F3-DF74D4193286}.Debug|Any CPU.Build.0 = Debug|Any CPU
		{210C243D-62B9-1373-54F3-DF74D4193286}.Release|Any CPU.ActiveCfg = Release|Any CPU
		{210C243D-62B9-1373-54F3-DF74D4193286}.Release|Any CPU.Build.0 = Release|Any CPU
		{B26EE5B9-172D-0681-C57F-D0AE09687E75}.Debug|Any CPU.ActiveCfg = Debug|Any CPU
		{B26EE5B9-172D-0681-C57F-D0AE09687E75}.Debug|Any CPU.Build.0 = Debug|Any CPU
		{B26EE5B9-172D-0681-C57F-D0AE09687E75}.Release|Any CPU.ActiveCfg = Release|Any CPU
		{B26EE5B9-172D-0681-C57F-D0AE09687E75}.Release|Any CPU.Build.0 = Release|Any CPU
		{14E5508E-021B-2325-048B-7EC274F4A61F}.Debug|Any CPU.ActiveCfg = Debug|Any CPU
		{14E5508E-021B-2325-048B-7EC274F4A61F}.Debug|Any CPU.Build.0 = Debug|Any CPU
		{14E5508E-021B-2325-048B-7EC274F4A61F}.Release|Any CPU.ActiveCfg = Release|Any CPU
		{14E5508E-021B-2325-048B-7EC274F4A61F}.Release|Any CPU.Build.0 = Release|Any CPU
		{F9F9108B-F862-DBF4-AAE0-16658F9867BE}.Debug|Any CPU.ActiveCfg = Debug|Any CPU
		{F9F9108B-F862-DBF4-AAE0-16658F9867BE}.Debug|Any CPU.Build.0 = Debug|Any CPU
		{F9F9108B-F862-DBF4-AAE0-16658F9867BE}.Release|Any CPU.ActiveCfg = Release|Any CPU
		{F9F9108B-F862-DBF4-AAE0-16658F9867BE}.Release|Any CPU.Build.0 = Release|Any CPU
		{81D86575-F63F-E022-AD48-CDABBA6F1D92}.Debug|Any CPU.ActiveCfg = Debug|Any CPU
		{81D86575-F63F-E022-AD48-CDABBA6F1D92}.Debug|Any CPU.Build.0 = Debug|Any CPU
		{81D86575-F63F-E022-AD48-CDABBA6F1D92}.Release|Any CPU.ActiveCfg = Release|Any CPU
		{81D86575-F63F-E022-AD48-CDABBA6F1D92}.Release|Any CPU.Build.0 = Release|Any CPU
		{7105CE18-65A5-03EE-0481-D1DEB78DB53B}.Debug|Any CPU.ActiveCfg = Debug|Any CPU
		{7105CE18-65A5-03EE-0481-D1DEB78DB53B}.Debug|Any CPU.Build.0 = Debug|Any CPU
		{7105CE18-65A5-03EE-0481-D1DEB78DB53B}.Release|Any CPU.ActiveCfg = Release|Any CPU
		{7105CE18-65A5-03EE-0481-D1DEB78DB53B}.Release|Any CPU.Build.0 = Release|Any CPU
		{B62D9088-8FF8-61C4-D5BE-3E5757F4F868}.Debug|Any CPU.ActiveCfg = Debug|Any CPU
		{B62D9088-8FF8-61C4-D5BE-3E5757F4F868}.Debug|Any CPU.Build.0 = Debug|Any CPU
		{B62D9088-8FF8-61C4-D5BE-3E5757F4F868}.Release|Any CPU.ActiveCfg = Release|Any CPU
		{B62D9088-8FF8-61C4-D5BE-3E5757F4F868}.Release|Any CPU.Build.0 = Release|Any CPU
		{2E4C378E-2F92-6C04-CF9D-D52781DA92F7}.Debug|Any CPU.ActiveCfg = Debug|Any CPU
		{2E4C378E-2F92-6C04-CF9D-D52781DA92F7}.Debug|Any CPU.Build.0 = Debug|Any CPU
		{2E4C378E-2F92-6C04-CF9D-D52781DA92F7}.Release|Any CPU.ActiveCfg = Release|Any CPU
		{2E4C378E-2F92-6C04-CF9D-D52781DA92F7}.Release|Any CPU.Build.0 = Release|Any CPU
		{8EB0609E-B376-D5FC-FE80-FFFDA3A62679}.Debug|Any CPU.ActiveCfg = Debug|Any CPU
		{8EB0609E-B376-D5FC-FE80-FFFDA3A62679}.Debug|Any CPU.Build.0 = Debug|Any CPU
		{8EB0609E-B376-D5FC-FE80-FFFDA3A62679}.Release|Any CPU.ActiveCfg = Release|Any CPU
		{8EB0609E-B376-D5FC-FE80-FFFDA3A62679}.Release|Any CPU.Build.0 = Release|Any CPU
		{8627FDD4-259B-B4E7-6967-77F3AEE70EDE}.Debug|Any CPU.ActiveCfg = Debug|Any CPU
		{8627FDD4-259B-B4E7-6967-77F3AEE70EDE}.Debug|Any CPU.Build.0 = Debug|Any CPU
		{8627FDD4-259B-B4E7-6967-77F3AEE70EDE}.Release|Any CPU.ActiveCfg = Release|Any CPU
		{8627FDD4-259B-B4E7-6967-77F3AEE70EDE}.Release|Any CPU.Build.0 = Release|Any CPU
		{E7A12697-F33C-6CFC-29C7-CE9578BF637D}.Debug|Any CPU.ActiveCfg = Debug|Any CPU
		{E7A12697-F33C-6CFC-29C7-CE9578BF637D}.Debug|Any CPU.Build.0 = Debug|Any CPU
		{E7A12697-F33C-6CFC-29C7-CE9578BF637D}.Release|Any CPU.ActiveCfg = Release|Any CPU
		{E7A12697-F33C-6CFC-29C7-CE9578BF637D}.Release|Any CPU.Build.0 = Release|Any CPU
		{B15B161D-BF3A-FF96-FA53-34D96AFF7A2C}.Debug|Any CPU.ActiveCfg = Debug|Any CPU
		{B15B161D-BF3A-FF96-FA53-34D96AFF7A2C}.Debug|Any CPU.Build.0 = Debug|Any CPU
		{B15B161D-BF3A-FF96-FA53-34D96AFF7A2C}.Release|Any CPU.ActiveCfg = Release|Any CPU
		{B15B161D-BF3A-FF96-FA53-34D96AFF7A2C}.Release|Any CPU.Build.0 = Release|Any CPU
		{0651F12A-49FC-D4F8-1DA5-3FB50758E5D3}.Debug|Any CPU.ActiveCfg = Debug|Any CPU
		{0651F12A-49FC-D4F8-1DA5-3FB50758E5D3}.Debug|Any CPU.Build.0 = Debug|Any CPU
		{0651F12A-49FC-D4F8-1DA5-3FB50758E5D3}.Release|Any CPU.ActiveCfg = Release|Any CPU
		{0651F12A-49FC-D4F8-1DA5-3FB50758E5D3}.Release|Any CPU.Build.0 = Release|Any CPU
		{DB5F8992-FF53-5547-532A-6D4995FAEBF3}.Debug|Any CPU.ActiveCfg = Debug|Any CPU
		{DB5F8992-FF53-5547-532A-6D4995FAEBF3}.Debug|Any CPU.Build.0 = Debug|Any CPU
		{DB5F8992-FF53-5547-532A-6D4995FAEBF3}.Release|Any CPU.ActiveCfg = Release|Any CPU
		{DB5F8992-FF53-5547-532A-6D4995FAEBF3}.Release|Any CPU.Build.0 = Release|Any CPU
		{EC582962-5334-F5AD-1326-2621D1ADDAD7}.Debug|Any CPU.ActiveCfg = Debug|Any CPU
		{EC582962-5334-F5AD-1326-2621D1ADDAD7}.Debug|Any CPU.Build.0 = Debug|Any CPU
		{EC582962-5334-F5AD-1326-2621D1ADDAD7}.Release|Any CPU.ActiveCfg = Release|Any CPU
		{EC582962-5334-F5AD-1326-2621D1ADDAD7}.Release|Any CPU.Build.0 = Release|Any CPU
		{02F3D224-78D9-C5AE-ADBE-F20CE1CD5E53}.Debug|Any CPU.ActiveCfg = Debug|Any CPU
		{02F3D224-78D9-C5AE-ADBE-F20CE1CD5E53}.Debug|Any CPU.Build.0 = Debug|Any CPU
		{02F3D224-78D9-C5AE-ADBE-F20CE1CD5E53}.Release|Any CPU.ActiveCfg = Release|Any CPU
		{02F3D224-78D9-C5AE-ADBE-F20CE1CD5E53}.Release|Any CPU.Build.0 = Release|Any CPU
		{3B4B7160-E052-7DA2-E0BB-38C1BC6157ED}.Debug|Any CPU.ActiveCfg = Debug|Any CPU
		{3B4B7160-E052-7DA2-E0BB-38C1BC6157ED}.Debug|Any CPU.Build.0 = Debug|Any CPU
		{3B4B7160-E052-7DA2-E0BB-38C1BC6157ED}.Release|Any CPU.ActiveCfg = Release|Any CPU
		{3B4B7160-E052-7DA2-E0BB-38C1BC6157ED}.Release|Any CPU.Build.0 = Release|Any CPU
		{19050D5A-A83F-4D78-2E5B-222FF6206E9F}.Debug|Any CPU.ActiveCfg = Debug|Any CPU
		{19050D5A-A83F-4D78-2E5B-222FF6206E9F}.Debug|Any CPU.Build.0 = Debug|Any CPU
		{19050D5A-A83F-4D78-2E5B-222FF6206E9F}.Release|Any CPU.ActiveCfg = Release|Any CPU
		{19050D5A-A83F-4D78-2E5B-222FF6206E9F}.Release|Any CPU.Build.0 = Release|Any CPU
		{47964D87-A592-78DF-203A-05B002A527F2}.Debug|Any CPU.ActiveCfg = Debug|Any CPU
		{47964D87-A592-78DF-203A-05B002A527F2}.Debug|Any CPU.Build.0 = Debug|Any CPU
		{47964D87-A592-78DF-203A-05B002A527F2}.Release|Any CPU.ActiveCfg = Release|Any CPU
		{47964D87-A592-78DF-203A-05B002A527F2}.Release|Any CPU.Build.0 = Release|Any CPU
		{D42470E1-6C02-4127-B4BD-1C9610F56E98}.Debug|Any CPU.ActiveCfg = Debug|Any CPU
		{D42470E1-6C02-4127-B4BD-1C9610F56E98}.Debug|Any CPU.Build.0 = Debug|Any CPU
		{D42470E1-6C02-4127-B4BD-1C9610F56E98}.Release|Any CPU.ActiveCfg = Release|Any CPU
		{D42470E1-6C02-4127-B4BD-1C9610F56E98}.Release|Any CPU.Build.0 = Release|Any CPU
	EndGlobalSection
	GlobalSection(SolutionProperties) = preSolution
		HideSolutionNode = FALSE
	EndGlobalSection
	GlobalSection(NestedProjects) = preSolution
		{02EA681E-C7D8-13C7-8484-4AC65E1B71E8} = {9BF6A061-B90F-4589-9F72-462AAC01CB54}
		{5CFB7062-6CE8-4A6F-8A83-B247DA04E54D} = {9BF6A061-B90F-4589-9F72-462AAC01CB54}
		{9BF6A061-B90F-4589-9F72-462AAC01CB54} = {E0021C03-61E9-46EA-9941-698B5775A29F}
		{210C243D-62B9-1373-54F3-DF74D4193286} = {02EA681E-C7D8-13C7-8484-4AC65E1B71E8}
		{B26EE5B9-172D-0681-C57F-D0AE09687E75} = {02EA681E-C7D8-13C7-8484-4AC65E1B71E8}
		{14E5508E-021B-2325-048B-7EC274F4A61F} = {02EA681E-C7D8-13C7-8484-4AC65E1B71E8}
		{F9F9108B-F862-DBF4-AAE0-16658F9867BE} = {02EA681E-C7D8-13C7-8484-4AC65E1B71E8}
		{81D86575-F63F-E022-AD48-CDABBA6F1D92} = {02EA681E-C7D8-13C7-8484-4AC65E1B71E8}
		{7105CE18-65A5-03EE-0481-D1DEB78DB53B} = {02EA681E-C7D8-13C7-8484-4AC65E1B71E8}
		{B62D9088-8FF8-61C4-D5BE-3E5757F4F868} = {02EA681E-C7D8-13C7-8484-4AC65E1B71E8}
		{2E4C378E-2F92-6C04-CF9D-D52781DA92F7} = {5CFB7062-6CE8-4A6F-8A83-B247DA04E54D}
		{8EB0609E-B376-D5FC-FE80-FFFDA3A62679} = {5CFB7062-6CE8-4A6F-8A83-B247DA04E54D}
		{8627FDD4-259B-B4E7-6967-77F3AEE70EDE} = {5CFB7062-6CE8-4A6F-8A83-B247DA04E54D}
		{E7A12697-F33C-6CFC-29C7-CE9578BF637D} = {5CFB7062-6CE8-4A6F-8A83-B247DA04E54D}
		{B15B161D-BF3A-FF96-FA53-34D96AFF7A2C} = {5CFB7062-6CE8-4A6F-8A83-B247DA04E54D}
		{0651F12A-49FC-D4F8-1DA5-3FB50758E5D3} = {02EA681E-C7D8-13C7-8484-4AC65E1B71E8}
		{CC4EB7D9-E28B-419F-A159-CC011A2BC73C} = {E0021C03-61E9-46EA-9941-698B5775A29F}
		{EE9AF829-A2B9-45A7-A77C-D9B55A1F9C39} = {E0021C03-61E9-46EA-9941-698B5775A29F}
		{B8529815-4ED8-4A29-BC1B-3DDE7893C75D} = {EE9AF829-A2B9-45A7-A77C-D9B55A1F9C39}
		{DB5F8992-FF53-5547-532A-6D4995FAEBF3} = {B8529815-4ED8-4A29-BC1B-3DDE7893C75D}
		{EC582962-5334-F5AD-1326-2621D1ADDAD7} = {B8529815-4ED8-4A29-BC1B-3DDE7893C75D}
		{02F3D224-78D9-C5AE-ADBE-F20CE1CD5E53} = {B8529815-4ED8-4A29-BC1B-3DDE7893C75D}
		{3B4B7160-E052-7DA2-E0BB-38C1BC6157ED} = {B8529815-4ED8-4A29-BC1B-3DDE7893C75D}
		{19050D5A-A83F-4D78-2E5B-222FF6206E9F} = {B8529815-4ED8-4A29-BC1B-3DDE7893C75D}
		{47964D87-A592-78DF-203A-05B002A527F2} = {B8529815-4ED8-4A29-BC1B-3DDE7893C75D}
		{D42470E1-6C02-4127-B4BD-1C9610F56E98} = {B8529815-4ED8-4A29-BC1B-3DDE7893C75D}
	EndGlobalSection
	GlobalSection(ExtensibilityGlobals) = postSolution
		SolutionGuid = {D14B2335-E89B-4167-98A8-DC77DD7B4D2D}
	EndGlobalSection
EndGlobal
